
Microsoft Visual Studio Solution File, Format Version 12.00
# Visual Studio Version 17
VisualStudioVersion = 17.10.34707.107
MinimumVisualStudioVersion = 10.0.40219.1
Project("{FAE04EC0-301F-11D3-BF4B-00C04F79EFBC}") = "DemoApp", "DemoApp\DemoApp.csproj", "{8C40B67C-B429-4D83-AFAD-D79E6AB86D8C}"
EndProject
Global
	GlobalSection(SolutionConfigurationPlatforms) = preSolution
		Debug|Any CPU = Debug|Any CPU
		Release|Any CPU = Release|Any CPU
	EndGlobalSection
	GlobalSection(ProjectConfigurationPlatforms) = postSolution
		{8C40B67C-B429-4D83-AFAD-D79E6AB86D8C}.Debug|Any CPU.ActiveCfg = Debug|Any CPU
		{8C40B67C-B429-4D83-AFAD-D79E6AB86D8C}.Debug|Any CPU.Build.0 = Debug|Any CPU
		{8C40B67C-B429-4D83-AFAD-D79E6AB86D8C}.Release|Any CPU.ActiveCfg = Release|Any CPU
		{8C40B67C-B429-4D83-AFAD-D79E6AB86D8C}.Release|Any CPU.Build.0 = Release|Any CPU
	EndGlobalSection
	GlobalSection(SolutionProperties) = preSolution
		HideSolutionNode = FALSE
	EndGlobalSection
	GlobalSection(ExtensibilityGlobals) = postSolution
		SolutionGuid = {D8DAAE28-1110-45C9-90A6-B721B8F17A20}
	EndGlobalSection
EndGlobal
